
Microsoft Visual Studio Solution File, Format Version 12.00
# Visual Studio Version 17
VisualStudioVersion = 17.7.34221.43
MinimumVisualStudioVersion = 10.0.40219.1
Project("{2150E333-8FDC-42A3-9474-1A3956D46DE8}") = "03. Strings and Text Processing", "03. Strings and Text Processing", "{2CFCB4FF-FDE5-40BE-A3DF-83579A631444}"
EndProject
Project("{9A19103F-16F7-4668-BE54-9A1E7A4F7556}") = "03.01. Reverse Strings", "03.01. Reverse Strings\03.01. Reverse Strings.csproj", "{FCD64E36-3490-43A2-B821-815311D9E79E}"
EndProject
Project("{9A19103F-16F7-4668-BE54-9A1E7A4F7556}") = "03.02. Repeat Strings", "03.02. Repeat Strings\03.02. Repeat Strings.csproj", "{143E8233-C209-4BCD-9B2A-A697397EA0C0}"
EndProject
Project("{9A19103F-16F7-4668-BE54-9A1E7A4F7556}") = "03.03. Substring", "03.03. Substring\03.03. Substring.csproj", "{359C28DA-A576-453A-9D47-4DBAEF566BA5}"
EndProject
Project("{9A19103F-16F7-4668-BE54-9A1E7A4F7556}") = "03.04. Text Filter", "03.04. Text Filter\03.04. Text Filter.csproj", "{8299B701-3036-45D1-A7F5-6771AD912599}"
EndProject
Project("{9A19103F-16F7-4668-BE54-9A1E7A4F7556}") = "03.05. Digits, Letters and Other", "03.05. Digits, Letters and Other\03.05. Digits, Letters and Other.csproj", "{42B19020-2CA5-4FA4-B817-7F2C255DC42D}"
EndProject
Project("{2150E333-8FDC-42A3-9474-1A3956D46DE8}") = "04. Regular Expressions", "04. Regular Expressions", "{AC1F7D96-9853-43AC-BBA6-41579C8ACFC3}"
EndProject
Project("{2150E333-8FDC-42A3-9474-1A3956D46DE8}") = "05. Unit Testing Exercise Strings and Regular Expressions", "05. Unit Testing Exercise Strings and Regular Expressions", "{681061A4-094E-466B-9572-5A2C5267A40B}"
EndProject
Project("{2150E333-8FDC-42A3-9474-1A3956D46DE8}") = "06. Dictionaries, Lambda and LINQ", "06. Dictionaries, Lambda and LINQ", "{11603665-4F19-4D5B-AE45-232863E4D507}"
	ProjectSection(SolutionItems) = preProject
		05.TestApp.UnitTests.StringsAndRegularExpressions\TextFilterTests.cs = 05.TestApp.UnitTests.StringsAndRegularExpressions\TextFilterTests.cs
	EndProjectSection
EndProject
Project("{2150E333-8FDC-42A3-9474-1A3956D46DE8}") = "07. Exercises Dictionaries, Lambda and LINQ", "07. Exercises Dictionaries, Lambda and LINQ", "{683FF049-1CA7-453B-B384-CBE6255E4B83}"
EndProject
Project("{2150E333-8FDC-42A3-9474-1A3956D46DE8}") = "08. Unit Testing Exercise Dictionaries, Lambda and LINQ", "08. Unit Testing Exercise Dictionaries, Lambda and LINQ", "{F57602A9-452C-43E1-AAF0-18FD184CE2E9}"
EndProject
Project("{2150E333-8FDC-42A3-9474-1A3956D46DE8}") = "09 Objects and Classes", "09 Objects and Classes", "{335309B7-1D14-49FD-BA13-B24B08B843F4}"
EndProject
Project("{2150E333-8FDC-42A3-9474-1A3956D46DE8}") = "10. Definning Classes", "10. Definning Classes", "{0715C304-DC08-433C-8CA5-1B19DFF81B46}"
EndProject
Project("{2150E333-8FDC-42A3-9474-1A3956D46DE8}") = "11. Exercise Objects and Classes", "11. Exercise Objects and Classes", "{CDF45AF6-B590-4624-9450-59D40BDF5650}"
EndProject
Project("{2150E333-8FDC-42A3-9474-1A3956D46DE8}") = "12. Unit Testing Exercise Objects and Classes", "12. Unit Testing Exercise Objects and Classes", "{AAC983AA-04C4-4F45-8218-ACFEE65D86E0}"
EndProject
Project("{2150E333-8FDC-42A3-9474-1A3956D46DE8}") = "13. Exception Handling", "13. Exception Handling", "{66B86413-DF4A-402D-A560-EC7B2F0AE9B4}"
EndProject
Project("{2150E333-8FDC-42A3-9474-1A3956D46DE8}") = "14. Unit Testing Exercise Exception Handling", "14. Unit Testing Exercise Exception Handling", "{36AC6FC7-7C54-4BA7-8D54-05A55CF74943}"
EndProject
Project("{2150E333-8FDC-42A3-9474-1A3956D46DE8}") = "15. OOP Principles Encapsulation, Inheritance", "15. OOP Principles Encapsulation, Inheritance", "{B37EA736-9C54-44A9-95EF-A243114F7873}"
EndProject
Project("{2150E333-8FDC-42A3-9474-1A3956D46DE8}") = "16. OOP Principles Abstraction and Polymorphism", "16. OOP Principles Abstraction and Polymorphism", "{BDEADBE7-69CA-4142-A96A-8E6C0068D65D}"
EndProject
Project("{2150E333-8FDC-42A3-9474-1A3956D46DE8}") = "17. Exercises Implementing an OOP Hierarchy", "17. Exercises Implementing an OOP Hierarchy", "{3D4DBCDE-78FF-40F5-AAE2-747A326FCDF4}"
EndProject
Project("{2150E333-8FDC-42A3-9474-1A3956D46DE8}") = "18. Exam Preparation 1", "18. Exam Preparation 1", "{2C6F1003-A4F4-4F6A-81A5-A9EEC00C8944}"
EndProject
Project("{2150E333-8FDC-42A3-9474-1A3956D46DE8}") = "19. Exam Preparation 2", "19. Exam Preparation 2", "{792323C0-897F-436C-A6D7-4C559EF0C0CB}"
EndProject
Project("{2150E333-8FDC-42A3-9474-1A3956D46DE8}") = "20. Exam Preparation 3", "20. Exam Preparation 3", "{EE5A32EF-5B49-46C0-A4B2-5F2C100C1701}"
EndProject
Project("{2150E333-8FDC-42A3-9474-1A3956D46DE8}") = "21. Regular Exam", "21. Regular Exam", "{094DE197-0003-43F4-9BBE-106E603EB248}"
EndProject
Project("{9A19103F-16F7-4668-BE54-9A1E7A4F7556}") = "03.00. Demo", "03.00. Demo\03.00. Demo.csproj", "{AC838E9D-9E06-481E-940A-E8D09BBE3AFB}"
EndProject
Project("{9A19103F-16F7-4668-BE54-9A1E7A4F7556}") = "04.00. Demo", "04.00. Demo\04.00. Demo.csproj", "{DBFCF5EF-16C8-4E65-87CF-D86E7D51F552}"
EndProject
Project("{9A19103F-16F7-4668-BE54-9A1E7A4F7556}") = "04.01. Match Full Name", "04.01. Match Full Name\04.01. Match Full Name.csproj", "{CFAAFBF3-B87E-41E8-9EA6-0A836641824B}"
EndProject
Project("{9A19103F-16F7-4668-BE54-9A1E7A4F7556}") = "04.02. Match Phone Number", "04.02. Match Phone Number\04.02. Match Phone Number.csproj", "{50B5A242-2438-42C1-871C-BD61FA4A50FD}"
EndProject
Project("{9A19103F-16F7-4668-BE54-9A1E7A4F7556}") = "04.03. Match Dates", "04.03. Match Dates\04.03. Match Dates.csproj", "{2CBC38D4-F28F-4115-9AC4-145C4DA61151}"
EndProject
Project("{2150E333-8FDC-42A3-9474-1A3956D46DE8}") = "Test App", "Test App", "{88B61DCE-D4C0-4A6A-825F-79CF04E0A22E}"
EndProject
Project("{2150E333-8FDC-42A3-9474-1A3956D46DE8}") = "Unit Tests", "Unit Tests", "{7582F9FE-ED29-4DDF-B76B-FB14C462514C}"
EndProject
Project("{9A19103F-16F7-4668-BE54-9A1E7A4F7556}") = "TestApp", "05.TestAppStringsAndRegularExpressions\TestApp.csproj", "{FBB51809-C31F-4938-90BA-0A51B0649FD6}"
EndProject
Project("{9A19103F-16F7-4668-BE54-9A1E7A4F7556}") = "TestApp.UnitTests", "05.TestApp.UnitTests.StringsAndRegularExpressions\TestApp.UnitTests.csproj", "{0083C1EA-0C90-4B86-991C-D612FF760F0F}"
EndProject
Project("{9A19103F-16F7-4668-BE54-9A1E7A4F7556}") = "06.00. Demo", "06.00. Demo\06.00. Demo.csproj", "{DF4A4619-DE60-4F57-AC63-43DA05CF87C6}"
EndProject
Project("{9A19103F-16F7-4668-BE54-9A1E7A4F7556}") = "06.01. Count Real Numbers", "06.01. Count Real Numbers\06.01. Count Real Numbers.csproj", "{682B6C39-39DD-43F3-83E7-B001CC9D6936}"
EndProject
Project("{9A19103F-16F7-4668-BE54-9A1E7A4F7556}") = "06.02. Odd Occurrences", "06.02. Odd Occurrences\06.02. Odd Occurrences.csproj", "{141E9737-1AEA-4DAE-A339-3E8583BB2D36}"
EndProject
Project("{9A19103F-16F7-4668-BE54-9A1E7A4F7556}") = "06.03. Word Synonyms", "06.03. Word Synonyms\06.03. Word Synonyms.csproj", "{1BBE7670-87D5-4CDE-AA39-E6DF3A33864F}"
EndProject
Project("{9A19103F-16F7-4668-BE54-9A1E7A4F7556}") = "06.04. Word Filter", "06.04. Word Filter\06.04. Word Filter.csproj", "{4E7819A3-8915-4675-99D7-3846A3C06F0D}"
EndProject
Project("{9A19103F-16F7-4668-BE54-9A1E7A4F7556}") = "07.01. Count Chars in a String", "07.01. Count Chars in a String\07.01. Count Chars in a String.csproj", "{467753D4-1E62-437C-8C34-B19C58FBFD6F}"
EndProject
Project("{9A19103F-16F7-4668-BE54-9A1E7A4F7556}") = "07.02. A Miner Task", "07.02. A Miner Task\07.02. A Miner Task.csproj", "{885F369C-186A-4403-8B56-B6FE605935CE}"
EndProject
Project("{9A19103F-16F7-4668-BE54-9A1E7A4F7556}") = "07.03. Orders", "07.03. Orders\07.03. Orders.csproj", "{2B825546-9D10-4154-A295-18410521B4AB}"
EndProject
Project("{9A19103F-16F7-4668-BE54-9A1E7A4F7556}") = "07.04. SoftUni Parking", "07.04. SoftUni Parking\07.04. SoftUni Parking.csproj", "{96D4C801-2327-4C10-A2BE-CE2A964A1C8D}"
EndProject
Project("{9A19103F-16F7-4668-BE54-9A1E7A4F7556}") = "07.05. Student Academy", "07.05. Student Academy\07.05. Student Academy.csproj", "{0F41D325-555E-42FE-ADF7-2318CC106784}"
EndProject
Project("{9A19103F-16F7-4668-BE54-9A1E7A4F7556}") = "07.06. Company Users", "07.06. Company Users\07.06. Company Users.csproj", "{FEB6F201-6004-4B17-81E6-51A3BF9E96F7}"
EndProject
Project("{9A19103F-16F7-4668-BE54-9A1E7A4F7556}") = "TestApp", "08.TestAppDictionariesLambdaAndLINQ\TestApp.csproj", "{1D9D03C3-CEA9-4768-A082-E513FDBD8D56}"
EndProject
Project("{9A19103F-16F7-4668-BE54-9A1E7A4F7556}") = "TestApp.Tests", "08.TestAppUnitTestsDictionariesLambdaAndLINQ\TestApp.Tests.csproj", "{C5D77EA7-DEE5-40FC-83DD-10F4B7901D04}"
EndProject
Project("{2150E333-8FDC-42A3-9474-1A3956D46DE8}") = "Test App", "Test App", "{4565CE83-E031-4CD9-96CE-CEE1BE210F81}"
EndProject
Project("{2150E333-8FDC-42A3-9474-1A3956D46DE8}") = "Unit Tests", "Unit Tests", "{E2CCFD76-365C-41A2-807B-188DB033FDFC}"
EndProject
Project("{9A19103F-16F7-4668-BE54-9A1E7A4F7556}") = "09.01. Songs", "09.01. Songs\09.01. Songs.csproj", "{E8E4D81B-E764-41A8-B67C-CC7E7F844288}"
EndProject
Project("{9A19103F-16F7-4668-BE54-9A1E7A4F7556}") = "09.02. Students", "09.02. Students\09.02. Students.csproj", "{8C428A19-9233-40B8-A5D8-00FB299429DE}"
EndProject
Project("{9A19103F-16F7-4668-BE54-9A1E7A4F7556}") = "09.03. Store Boxes", "09.03. Store Boxes\09.03. Store Boxes.csproj", "{4B03D801-E18C-41D9-BA41-43AB37515FF2}"
EndProject
Project("{9A19103F-16F7-4668-BE54-9A1E7A4F7556}") = "09.04. Vehicle Catalogue", "09.04. Vehicle Catalogue\09.04. Vehicle Catalogue.csproj", "{ABCB38FE-D831-49E9-97E6-4E901C1E707A}"
EndProject
Project("{FAE04EC0-301F-11D3-BF4B-00C04F79EFBC}") = "10.01. Car", "10.01. Car\10.01. Car.csproj", "{40381438-69B8-4B66-AC8B-9F1E0CCB71F0}"
EndProject
Project("{FAE04EC0-301F-11D3-BF4B-00C04F79EFBC}") = "10.02. Car Extension", "10.02. Car Extension\10.02. Car Extension.csproj", "{4FBBDCC3-80A5-470D-A222-9424FD164819}"
EndProject
Project("{FAE04EC0-301F-11D3-BF4B-00C04F79EFBC}") = "10.03. Car Constructors", "10.03. Car Constructors\10.03. Car Constructors.csproj", "{83A31F2C-71CB-4D9F-BB06-99E389C200DB}"
EndProject
Project("{FAE04EC0-301F-11D3-BF4B-00C04F79EFBC}") = "10.04. Car Engine And Tires", "10.04. Car Engine And Tires\10.04. Car Engine And Tires.csproj", "{29032436-D76C-4D77-87B0-3137DF8009B3}"
EndProject
Global
	GlobalSection(SolutionConfigurationPlatforms) = preSolution
		Debug|Any CPU = Debug|Any CPU
		Release|Any CPU = Release|Any CPU
	EndGlobalSection
	GlobalSection(ProjectConfigurationPlatforms) = postSolution
		{FCD64E36-3490-43A2-B821-815311D9E79E}.Debug|Any CPU.ActiveCfg = Debug|Any CPU
		{FCD64E36-3490-43A2-B821-815311D9E79E}.Debug|Any CPU.Build.0 = Debug|Any CPU
		{FCD64E36-3490-43A2-B821-815311D9E79E}.Release|Any CPU.ActiveCfg = Release|Any CPU
		{FCD64E36-3490-43A2-B821-815311D9E79E}.Release|Any CPU.Build.0 = Release|Any CPU
		{143E8233-C209-4BCD-9B2A-A697397EA0C0}.Debug|Any CPU.ActiveCfg = Debug|Any CPU
		{143E8233-C209-4BCD-9B2A-A697397EA0C0}.Debug|Any CPU.Build.0 = Debug|Any CPU
		{143E8233-C209-4BCD-9B2A-A697397EA0C0}.Release|Any CPU.ActiveCfg = Release|Any CPU
		{143E8233-C209-4BCD-9B2A-A697397EA0C0}.Release|Any CPU.Build.0 = Release|Any CPU
		{359C28DA-A576-453A-9D47-4DBAEF566BA5}.Debug|Any CPU.ActiveCfg = Debug|Any CPU
		{359C28DA-A576-453A-9D47-4DBAEF566BA5}.Debug|Any CPU.Build.0 = Debug|Any CPU
		{359C28DA-A576-453A-9D47-4DBAEF566BA5}.Release|Any CPU.ActiveCfg = Release|Any CPU
		{359C28DA-A576-453A-9D47-4DBAEF566BA5}.Release|Any CPU.Build.0 = Release|Any CPU
		{8299B701-3036-45D1-A7F5-6771AD912599}.Debug|Any CPU.ActiveCfg = Debug|Any CPU
		{8299B701-3036-45D1-A7F5-6771AD912599}.Debug|Any CPU.Build.0 = Debug|Any CPU
		{8299B701-3036-45D1-A7F5-6771AD912599}.Release|Any CPU.ActiveCfg = Release|Any CPU
		{8299B701-3036-45D1-A7F5-6771AD912599}.Release|Any CPU.Build.0 = Release|Any CPU
		{42B19020-2CA5-4FA4-B817-7F2C255DC42D}.Debug|Any CPU.ActiveCfg = Debug|Any CPU
		{42B19020-2CA5-4FA4-B817-7F2C255DC42D}.Debug|Any CPU.Build.0 = Debug|Any CPU
		{42B19020-2CA5-4FA4-B817-7F2C255DC42D}.Release|Any CPU.ActiveCfg = Release|Any CPU
		{42B19020-2CA5-4FA4-B817-7F2C255DC42D}.Release|Any CPU.Build.0 = Release|Any CPU
		{AC838E9D-9E06-481E-940A-E8D09BBE3AFB}.Debug|Any CPU.ActiveCfg = Debug|Any CPU
		{AC838E9D-9E06-481E-940A-E8D09BBE3AFB}.Debug|Any CPU.Build.0 = Debug|Any CPU
		{AC838E9D-9E06-481E-940A-E8D09BBE3AFB}.Release|Any CPU.ActiveCfg = Release|Any CPU
		{AC838E9D-9E06-481E-940A-E8D09BBE3AFB}.Release|Any CPU.Build.0 = Release|Any CPU
		{DBFCF5EF-16C8-4E65-87CF-D86E7D51F552}.Debug|Any CPU.ActiveCfg = Debug|Any CPU
		{DBFCF5EF-16C8-4E65-87CF-D86E7D51F552}.Debug|Any CPU.Build.0 = Debug|Any CPU
		{DBFCF5EF-16C8-4E65-87CF-D86E7D51F552}.Release|Any CPU.ActiveCfg = Release|Any CPU
		{DBFCF5EF-16C8-4E65-87CF-D86E7D51F552}.Release|Any CPU.Build.0 = Release|Any CPU
		{CFAAFBF3-B87E-41E8-9EA6-0A836641824B}.Debug|Any CPU.ActiveCfg = Debug|Any CPU
		{CFAAFBF3-B87E-41E8-9EA6-0A836641824B}.Debug|Any CPU.Build.0 = Debug|Any CPU
		{CFAAFBF3-B87E-41E8-9EA6-0A836641824B}.Release|Any CPU.ActiveCfg = Release|Any CPU
		{CFAAFBF3-B87E-41E8-9EA6-0A836641824B}.Release|Any CPU.Build.0 = Release|Any CPU
		{50B5A242-2438-42C1-871C-BD61FA4A50FD}.Debug|Any CPU.ActiveCfg = Debug|Any CPU
		{50B5A242-2438-42C1-871C-BD61FA4A50FD}.Debug|Any CPU.Build.0 = Debug|Any CPU
		{50B5A242-2438-42C1-871C-BD61FA4A50FD}.Release|Any CPU.ActiveCfg = Release|Any CPU
		{50B5A242-2438-42C1-871C-BD61FA4A50FD}.Release|Any CPU.Build.0 = Release|Any CPU
		{2CBC38D4-F28F-4115-9AC4-145C4DA61151}.Debug|Any CPU.ActiveCfg = Debug|Any CPU
		{2CBC38D4-F28F-4115-9AC4-145C4DA61151}.Debug|Any CPU.Build.0 = Debug|Any CPU
		{2CBC38D4-F28F-4115-9AC4-145C4DA61151}.Release|Any CPU.ActiveCfg = Release|Any CPU
		{2CBC38D4-F28F-4115-9AC4-145C4DA61151}.Release|Any CPU.Build.0 = Release|Any CPU
		{FBB51809-C31F-4938-90BA-0A51B0649FD6}.Debug|Any CPU.ActiveCfg = Debug|Any CPU
		{FBB51809-C31F-4938-90BA-0A51B0649FD6}.Debug|Any CPU.Build.0 = Debug|Any CPU
		{FBB51809-C31F-4938-90BA-0A51B0649FD6}.Release|Any CPU.ActiveCfg = Release|Any CPU
		{FBB51809-C31F-4938-90BA-0A51B0649FD6}.Release|Any CPU.Build.0 = Release|Any CPU
		{0083C1EA-0C90-4B86-991C-D612FF760F0F}.Debug|Any CPU.ActiveCfg = Debug|Any CPU
		{0083C1EA-0C90-4B86-991C-D612FF760F0F}.Debug|Any CPU.Build.0 = Debug|Any CPU
		{0083C1EA-0C90-4B86-991C-D612FF760F0F}.Release|Any CPU.ActiveCfg = Release|Any CPU
		{0083C1EA-0C90-4B86-991C-D612FF760F0F}.Release|Any CPU.Build.0 = Release|Any CPU
		{DF4A4619-DE60-4F57-AC63-43DA05CF87C6}.Debug|Any CPU.ActiveCfg = Debug|Any CPU
		{DF4A4619-DE60-4F57-AC63-43DA05CF87C6}.Debug|Any CPU.Build.0 = Debug|Any CPU
		{DF4A4619-DE60-4F57-AC63-43DA05CF87C6}.Release|Any CPU.ActiveCfg = Release|Any CPU
		{DF4A4619-DE60-4F57-AC63-43DA05CF87C6}.Release|Any CPU.Build.0 = Release|Any CPU
		{682B6C39-39DD-43F3-83E7-B001CC9D6936}.Debug|Any CPU.ActiveCfg = Debug|Any CPU
		{682B6C39-39DD-43F3-83E7-B001CC9D6936}.Debug|Any CPU.Build.0 = Debug|Any CPU
		{682B6C39-39DD-43F3-83E7-B001CC9D6936}.Release|Any CPU.ActiveCfg = Release|Any CPU
		{682B6C39-39DD-43F3-83E7-B001CC9D6936}.Release|Any CPU.Build.0 = Release|Any CPU
		{141E9737-1AEA-4DAE-A339-3E8583BB2D36}.Debug|Any CPU.ActiveCfg = Debug|Any CPU
		{141E9737-1AEA-4DAE-A339-3E8583BB2D36}.Debug|Any CPU.Build.0 = Debug|Any CPU
		{141E9737-1AEA-4DAE-A339-3E8583BB2D36}.Release|Any CPU.ActiveCfg = Release|Any CPU
		{141E9737-1AEA-4DAE-A339-3E8583BB2D36}.Release|Any CPU.Build.0 = Release|Any CPU
		{1BBE7670-87D5-4CDE-AA39-E6DF3A33864F}.Debug|Any CPU.ActiveCfg = Debug|Any CPU
		{1BBE7670-87D5-4CDE-AA39-E6DF3A33864F}.Debug|Any CPU.Build.0 = Debug|Any CPU
		{1BBE7670-87D5-4CDE-AA39-E6DF3A33864F}.Release|Any CPU.ActiveCfg = Release|Any CPU
		{1BBE7670-87D5-4CDE-AA39-E6DF3A33864F}.Release|Any CPU.Build.0 = Release|Any CPU
		{4E7819A3-8915-4675-99D7-3846A3C06F0D}.Debug|Any CPU.ActiveCfg = Debug|Any CPU
		{4E7819A3-8915-4675-99D7-3846A3C06F0D}.Debug|Any CPU.Build.0 = Debug|Any CPU
		{4E7819A3-8915-4675-99D7-3846A3C06F0D}.Release|Any CPU.ActiveCfg = Release|Any CPU
		{4E7819A3-8915-4675-99D7-3846A3C06F0D}.Release|Any CPU.Build.0 = Release|Any CPU
		{467753D4-1E62-437C-8C34-B19C58FBFD6F}.Debug|Any CPU.ActiveCfg = Debug|Any CPU
		{467753D4-1E62-437C-8C34-B19C58FBFD6F}.Debug|Any CPU.Build.0 = Debug|Any CPU
		{467753D4-1E62-437C-8C34-B19C58FBFD6F}.Release|Any CPU.ActiveCfg = Release|Any CPU
		{467753D4-1E62-437C-8C34-B19C58FBFD6F}.Release|Any CPU.Build.0 = Release|Any CPU
		{885F369C-186A-4403-8B56-B6FE605935CE}.Debug|Any CPU.ActiveCfg = Debug|Any CPU
		{885F369C-186A-4403-8B56-B6FE605935CE}.Debug|Any CPU.Build.0 = Debug|Any CPU
		{885F369C-186A-4403-8B56-B6FE605935CE}.Release|Any CPU.ActiveCfg = Release|Any CPU
		{885F369C-186A-4403-8B56-B6FE605935CE}.Release|Any CPU.Build.0 = Release|Any CPU
		{2B825546-9D10-4154-A295-18410521B4AB}.Debug|Any CPU.ActiveCfg = Debug|Any CPU
		{2B825546-9D10-4154-A295-18410521B4AB}.Debug|Any CPU.Build.0 = Debug|Any CPU
		{2B825546-9D10-4154-A295-18410521B4AB}.Release|Any CPU.ActiveCfg = Release|Any CPU
		{2B825546-9D10-4154-A295-18410521B4AB}.Release|Any CPU.Build.0 = Release|Any CPU
		{96D4C801-2327-4C10-A2BE-CE2A964A1C8D}.Debug|Any CPU.ActiveCfg = Debug|Any CPU
		{96D4C801-2327-4C10-A2BE-CE2A964A1C8D}.Debug|Any CPU.Build.0 = Debug|Any CPU
		{96D4C801-2327-4C10-A2BE-CE2A964A1C8D}.Release|Any CPU.ActiveCfg = Release|Any CPU
		{96D4C801-2327-4C10-A2BE-CE2A964A1C8D}.Release|Any CPU.Build.0 = Release|Any CPU
		{0F41D325-555E-42FE-ADF7-2318CC106784}.Debug|Any CPU.ActiveCfg = Debug|Any CPU
		{0F41D325-555E-42FE-ADF7-2318CC106784}.Debug|Any CPU.Build.0 = Debug|Any CPU
		{0F41D325-555E-42FE-ADF7-2318CC106784}.Release|Any CPU.ActiveCfg = Release|Any CPU
		{0F41D325-555E-42FE-ADF7-2318CC106784}.Release|Any CPU.Build.0 = Release|Any CPU
		{FEB6F201-6004-4B17-81E6-51A3BF9E96F7}.Debug|Any CPU.ActiveCfg = Debug|Any CPU
		{FEB6F201-6004-4B17-81E6-51A3BF9E96F7}.Debug|Any CPU.Build.0 = Debug|Any CPU
		{FEB6F201-6004-4B17-81E6-51A3BF9E96F7}.Release|Any CPU.ActiveCfg = Release|Any CPU
		{FEB6F201-6004-4B17-81E6-51A3BF9E96F7}.Release|Any CPU.Build.0 = Release|Any CPU
		{1D9D03C3-CEA9-4768-A082-E513FDBD8D56}.Debug|Any CPU.ActiveCfg = Debug|Any CPU
		{1D9D03C3-CEA9-4768-A082-E513FDBD8D56}.Debug|Any CPU.Build.0 = Debug|Any CPU
		{1D9D03C3-CEA9-4768-A082-E513FDBD8D56}.Release|Any CPU.ActiveCfg = Release|Any CPU
		{1D9D03C3-CEA9-4768-A082-E513FDBD8D56}.Release|Any CPU.Build.0 = Release|Any CPU
		{C5D77EA7-DEE5-40FC-83DD-10F4B7901D04}.Debug|Any CPU.ActiveCfg = Debug|Any CPU
		{C5D77EA7-DEE5-40FC-83DD-10F4B7901D04}.Debug|Any CPU.Build.0 = Debug|Any CPU
		{C5D77EA7-DEE5-40FC-83DD-10F4B7901D04}.Release|Any CPU.ActiveCfg = Release|Any CPU
		{C5D77EA7-DEE5-40FC-83DD-10F4B7901D04}.Release|Any CPU.Build.0 = Release|Any CPU
		{E8E4D81B-E764-41A8-B67C-CC7E7F844288}.Debug|Any CPU.ActiveCfg = Debug|Any CPU
		{E8E4D81B-E764-41A8-B67C-CC7E7F844288}.Debug|Any CPU.Build.0 = Debug|Any CPU
		{E8E4D81B-E764-41A8-B67C-CC7E7F844288}.Release|Any CPU.ActiveCfg = Release|Any CPU
		{E8E4D81B-E764-41A8-B67C-CC7E7F844288}.Release|Any CPU.Build.0 = Release|Any CPU
		{8C428A19-9233-40B8-A5D8-00FB299429DE}.Debug|Any CPU.ActiveCfg = Debug|Any CPU
		{8C428A19-9233-40B8-A5D8-00FB299429DE}.Debug|Any CPU.Build.0 = Debug|Any CPU
		{8C428A19-9233-40B8-A5D8-00FB299429DE}.Release|Any CPU.ActiveCfg = Release|Any CPU
		{8C428A19-9233-40B8-A5D8-00FB299429DE}.Release|Any CPU.Build.0 = Release|Any CPU
		{4B03D801-E18C-41D9-BA41-43AB37515FF2}.Debug|Any CPU.ActiveCfg = Debug|Any CPU
		{4B03D801-E18C-41D9-BA41-43AB37515FF2}.Debug|Any CPU.Build.0 = Debug|Any CPU
		{4B03D801-E18C-41D9-BA41-43AB37515FF2}.Release|Any CPU.ActiveCfg = Release|Any CPU
		{4B03D801-E18C-41D9-BA41-43AB37515FF2}.Release|Any CPU.Build.0 = Release|Any CPU
		{ABCB38FE-D831-49E9-97E6-4E901C1E707A}.Debug|Any CPU.ActiveCfg = Debug|Any CPU
		{ABCB38FE-D831-49E9-97E6-4E901C1E707A}.Debug|Any CPU.Build.0 = Debug|Any CPU
		{ABCB38FE-D831-49E9-97E6-4E901C1E707A}.Release|Any CPU.ActiveCfg = Release|Any CPU
		{ABCB38FE-D831-49E9-97E6-4E901C1E707A}.Release|Any CPU.Build.0 = Release|Any CPU
		{40381438-69B8-4B66-AC8B-9F1E0CCB71F0}.Debug|Any CPU.ActiveCfg = Debug|Any CPU
		{40381438-69B8-4B66-AC8B-9F1E0CCB71F0}.Debug|Any CPU.Build.0 = Debug|Any CPU
		{40381438-69B8-4B66-AC8B-9F1E0CCB71F0}.Release|Any CPU.ActiveCfg = Release|Any CPU
		{40381438-69B8-4B66-AC8B-9F1E0CCB71F0}.Release|Any CPU.Build.0 = Release|Any CPU
		{4FBBDCC3-80A5-470D-A222-9424FD164819}.Debug|Any CPU.ActiveCfg = Debug|Any CPU
		{4FBBDCC3-80A5-470D-A222-9424FD164819}.Debug|Any CPU.Build.0 = Debug|Any CPU
		{4FBBDCC3-80A5-470D-A222-9424FD164819}.Release|Any CPU.ActiveCfg = Release|Any CPU
		{4FBBDCC3-80A5-470D-A222-9424FD164819}.Release|Any CPU.Build.0 = Release|Any CPU
		{83A31F2C-71CB-4D9F-BB06-99E389C200DB}.Debug|Any CPU.ActiveCfg = Debug|Any CPU
		{83A31F2C-71CB-4D9F-BB06-99E389C200DB}.Debug|Any CPU.Build.0 = Debug|Any CPU
		{83A31F2C-71CB-4D9F-BB06-99E389C200DB}.Release|Any CPU.ActiveCfg = Release|Any CPU
		{83A31F2C-71CB-4D9F-BB06-99E389C200DB}.Release|Any CPU.Build.0 = Release|Any CPU
		{29032436-D76C-4D77-87B0-3137DF8009B3}.Debug|Any CPU.ActiveCfg = Debug|Any CPU
		{29032436-D76C-4D77-87B0-3137DF8009B3}.Debug|Any CPU.Build.0 = Debug|Any CPU
		{29032436-D76C-4D77-87B0-3137DF8009B3}.Release|Any CPU.ActiveCfg = Release|Any CPU
		{29032436-D76C-4D77-87B0-3137DF8009B3}.Release|Any CPU.Build.0 = Release|Any CPU
	EndGlobalSection
	GlobalSection(SolutionProperties) = preSolution
		HideSolutionNode = FALSE
	EndGlobalSection
	GlobalSection(NestedProjects) = preSolution
		{FCD64E36-3490-43A2-B821-815311D9E79E} = {2CFCB4FF-FDE5-40BE-A3DF-83579A631444}
		{143E8233-C209-4BCD-9B2A-A697397EA0C0} = {2CFCB4FF-FDE5-40BE-A3DF-83579A631444}
		{359C28DA-A576-453A-9D47-4DBAEF566BA5} = {2CFCB4FF-FDE5-40BE-A3DF-83579A631444}
		{8299B701-3036-45D1-A7F5-6771AD912599} = {2CFCB4FF-FDE5-40BE-A3DF-83579A631444}
		{42B19020-2CA5-4FA4-B817-7F2C255DC42D} = {2CFCB4FF-FDE5-40BE-A3DF-83579A631444}
		{AC838E9D-9E06-481E-940A-E8D09BBE3AFB} = {2CFCB4FF-FDE5-40BE-A3DF-83579A631444}
		{DBFCF5EF-16C8-4E65-87CF-D86E7D51F552} = {AC1F7D96-9853-43AC-BBA6-41579C8ACFC3}
		{CFAAFBF3-B87E-41E8-9EA6-0A836641824B} = {AC1F7D96-9853-43AC-BBA6-41579C8ACFC3}
		{50B5A242-2438-42C1-871C-BD61FA4A50FD} = {AC1F7D96-9853-43AC-BBA6-41579C8ACFC3}
		{2CBC38D4-F28F-4115-9AC4-145C4DA61151} = {AC1F7D96-9853-43AC-BBA6-41579C8ACFC3}
		{88B61DCE-D4C0-4A6A-825F-79CF04E0A22E} = {681061A4-094E-466B-9572-5A2C5267A40B}
		{7582F9FE-ED29-4DDF-B76B-FB14C462514C} = {681061A4-094E-466B-9572-5A2C5267A40B}
		{FBB51809-C31F-4938-90BA-0A51B0649FD6} = {88B61DCE-D4C0-4A6A-825F-79CF04E0A22E}
		{0083C1EA-0C90-4B86-991C-D612FF760F0F} = {7582F9FE-ED29-4DDF-B76B-FB14C462514C}
		{DF4A4619-DE60-4F57-AC63-43DA05CF87C6} = {11603665-4F19-4D5B-AE45-232863E4D507}
		{682B6C39-39DD-43F3-83E7-B001CC9D6936} = {11603665-4F19-4D5B-AE45-232863E4D507}
		{141E9737-1AEA-4DAE-A339-3E8583BB2D36} = {11603665-4F19-4D5B-AE45-232863E4D507}
		{1BBE7670-87D5-4CDE-AA39-E6DF3A33864F} = {11603665-4F19-4D5B-AE45-232863E4D507}
		{4E7819A3-8915-4675-99D7-3846A3C06F0D} = {11603665-4F19-4D5B-AE45-232863E4D507}
		{467753D4-1E62-437C-8C34-B19C58FBFD6F} = {683FF049-1CA7-453B-B384-CBE6255E4B83}
		{885F369C-186A-4403-8B56-B6FE605935CE} = {683FF049-1CA7-453B-B384-CBE6255E4B83}
		{2B825546-9D10-4154-A295-18410521B4AB} = {683FF049-1CA7-453B-B384-CBE6255E4B83}
		{96D4C801-2327-4C10-A2BE-CE2A964A1C8D} = {683FF049-1CA7-453B-B384-CBE6255E4B83}
		{0F41D325-555E-42FE-ADF7-2318CC106784} = {683FF049-1CA7-453B-B384-CBE6255E4B83}
		{FEB6F201-6004-4B17-81E6-51A3BF9E96F7} = {683FF049-1CA7-453B-B384-CBE6255E4B83}
		{1D9D03C3-CEA9-4768-A082-E513FDBD8D56} = {4565CE83-E031-4CD9-96CE-CEE1BE210F81}
		{C5D77EA7-DEE5-40FC-83DD-10F4B7901D04} = {E2CCFD76-365C-41A2-807B-188DB033FDFC}
		{4565CE83-E031-4CD9-96CE-CEE1BE210F81} = {F57602A9-452C-43E1-AAF0-18FD184CE2E9}
		{E2CCFD76-365C-41A2-807B-188DB033FDFC} = {F57602A9-452C-43E1-AAF0-18FD184CE2E9}
		{E8E4D81B-E764-41A8-B67C-CC7E7F844288} = {335309B7-1D14-49FD-BA13-B24B08B843F4}
		{8C428A19-9233-40B8-A5D8-00FB299429DE} = {335309B7-1D14-49FD-BA13-B24B08B843F4}
		{4B03D801-E18C-41D9-BA41-43AB37515FF2} = {335309B7-1D14-49FD-BA13-B24B08B843F4}
		{ABCB38FE-D831-49E9-97E6-4E901C1E707A} = {335309B7-1D14-49FD-BA13-B24B08B843F4}
		{40381438-69B8-4B66-AC8B-9F1E0CCB71F0} = {0715C304-DC08-433C-8CA5-1B19DFF81B46}
		{4FBBDCC3-80A5-470D-A222-9424FD164819} = {0715C304-DC08-433C-8CA5-1B19DFF81B46}
		{83A31F2C-71CB-4D9F-BB06-99E389C200DB} = {0715C304-DC08-433C-8CA5-1B19DFF81B46}
		{29032436-D76C-4D77-87B0-3137DF8009B3} = {0715C304-DC08-433C-8CA5-1B19DFF81B46}
	EndGlobalSection
	GlobalSection(ExtensibilityGlobals) = postSolution
		SolutionGuid = {13DAF22F-31CF-4D92-A5F3-1A528550348B}
	EndGlobalSection
EndGlobal
